
Microsoft Visual Studio Solution File, Format Version 12.00
# Visual Studio Version 17
VisualStudioVersion = 17.14.37628.2 d17.14
MinimumVisualStudioVersion = 10.0.40219.1
Project("{FAE04EC0-301F-11D3-BF4B-00C04F79EFBC}") = "program_kasir", "program_kasir\program_kasir.csproj", "{258C0AAE-9543-4D06-9D98-E32ADED7E0E8}"
EndProject
Global
	GlobalSection(SolutionConfigurationPlatforms) = preSolution
		Debug|Any CPU = Debug|Any CPU
		Release|Any CPU = Release|Any CPU
	EndGlobalSection
	GlobalSection(ProjectConfigurationPlatforms) = postSolution
		{258C0AAE-9543-4D06-9D98-E32ADED7E0E8}.Debug|Any CPU.ActiveCfg = Debug|Any CPU
		{258C0AAE-9543-4D06-9D98-E32ADED7E0E8}.Debug|Any CPU.Build.0 = Debug|Any CPU
		{258C0AAE-9543-4D06-9D98-E32ADED7E0E8}.Release|Any CPU.ActiveCfg = Release|Any CPU
		{258C0AAE-9543-4D06-9D98-E32ADED7E0E8}.Release|Any CPU.Build.0 = Release|Any CPU
	EndGlobalSection
	GlobalSection(SolutionProperties) = preSolution
		HideSolutionNode = FALSE
	EndGlobalSection
	GlobalSection(ExtensibilityGlobals) = postSolution
		SolutionGuid = {C7D221B7-D3A6-48B2-8781-BA7AB9EC42F4}
	EndGlobalSection
EndGlobal
