
Microsoft Visual Studio Solution File, Format Version 12.00
# Visual Studio Version 17
VisualStudioVersion = 17.14.37531.7 d17.14
MinimumVisualStudioVersion = 10.0.40219.1
Project("{FAE04EC0-301F-11D3-BF4B-00C04F79EFBC}") = "Program", "Program\Program.csproj", "{684EAD82-29B3-45A8-9565-367C6E654890}"
EndProject
Global
	GlobalSection(SolutionConfigurationPlatforms) = preSolution
		Debug|Any CPU = Debug|Any CPU
		Release|Any CPU = Release|Any CPU
	EndGlobalSection
	GlobalSection(ProjectConfigurationPlatforms) = postSolution
		{684EAD82-29B3-45A8-9565-367C6E654890}.Debug|Any CPU.ActiveCfg = Debug|Any CPU
		{684EAD82-29B3-45A8-9565-367C6E654890}.Debug|Any CPU.Build.0 = Debug|Any CPU
		{684EAD82-29B3-45A8-9565-367C6E654890}.Release|Any CPU.ActiveCfg = Release|Any CPU
		{684EAD82-29B3-45A8-9565-367C6E654890}.Release|Any CPU.Build.0 = Release|Any CPU
	EndGlobalSection
	GlobalSection(SolutionProperties) = preSolution
		HideSolutionNode = FALSE
	EndGlobalSection
	GlobalSection(ExtensibilityGlobals) = postSolution
		SolutionGuid = {0C25C519-4ABD-42A8-BB6F-7CEC83B2BF5F}
	EndGlobalSection
EndGlobal
